
Microsoft Visual Studio Solution File, Format Version 11.00
# Visual Studio 2010
Project("{FAE04EC0-301F-11D3-BF4B-00C04F79EFBC}") = "Photo Colorify", "Photo Effects\Photo Colorify.csproj", "{D46396F7-7697-4C92-9725-AC050A22F3C5}"
EndProject
Project("{FAE04EC0-301F-11D3-BF4B-00C04F79EFBC}") = "PhotoColorify", "PhotoColorify\PhotoColorify.csproj", "{E570316F-CBE4-4562-8778-76BDD14803B2}"
EndProject
Global
	GlobalSection(SolutionConfigurationPlatforms) = preSolution
		Debug|Any CPU = Debug|Any CPU
		Release|Any CPU = Release|Any CPU
	EndGlobalSection
	GlobalSection(ProjectConfigurationPlatforms) = postSolution
		{D46396F7-7697-4C92-9725-AC050A22F3C5}.Debug|Any CPU.ActiveCfg = Debug|Any CPU
		{D46396F7-7697-4C92-9725-AC050A22F3C5}.Debug|Any CPU.Build.0 = Debug|Any CPU
		{D46396F7-7697-4C92-9725-AC050A22F3C5}.Debug|Any CPU.Deploy.0 = Debug|Any CPU
		{D46396F7-7697-4C92-9725-AC050A22F3C5}.Release|Any CPU.ActiveCfg = Release|Any CPU
		{D46396F7-7697-4C92-9725-AC050A22F3C5}.Release|Any CPU.Build.0 = Release|Any CPU
		{D46396F7-7697-4C92-9725-AC050A22F3C5}.Release|Any CPU.Deploy.0 = Release|Any CPU
		{E570316F-CBE4-4562-8778-76BDD14803B2}.Debug|Any CPU.ActiveCfg = Debug|Any CPU
		{E570316F-CBE4-4562-8778-76BDD14803B2}.Debug|Any CPU.Build.0 = Debug|Any CPU
		{E570316F-CBE4-4562-8778-76BDD14803B2}.Debug|Any CPU.Deploy.0 = Debug|Any CPU
		{E570316F-CBE4-4562-8778-76BDD14803B2}.Release|Any CPU.ActiveCfg = Release|Any CPU
		{E570316F-CBE4-4562-8778-76BDD14803B2}.Release|Any CPU.Build.0 = Release|Any CPU
		{E570316F-CBE4-4562-8778-76BDD14803B2}.Release|Any CPU.Deploy.0 = Release|Any CPU
	EndGlobalSection
	GlobalSection(SolutionProperties) = preSolution
		HideSolutionNode = FALSE
	EndGlobalSection
EndGlobal
